
Microsoft Visual Studio Solution File, Format Version 12.00
# Visual Studio Version 17
VisualStudioVersion = 17.7.34202.233
MinimumVisualStudioVersion = 10.0.40219.1
Project("{9A19103F-16F7-4668-BE54-9A1E7A4F7556}") = "MLModel1_ConsoleApp1", "MLModel1_ConsoleApp1\MLModel1_ConsoleApp1.csproj", "{811B6F9E-FCE0-4298-BCDD-2F10256480DA}"
EndProject
Project("{9A19103F-16F7-4668-BE54-9A1E7A4F7556}") = "MLModel2_ConsoleApp4", "MLModel2_ConsoleApp4\MLModel2_ConsoleApp4.csproj", "{73902D94-5C51-4EEA-96B5-2230D2D99B1E}"
EndProject
Project("{FAE04EC0-301F-11D3-BF4B-00C04F79EFBC}") = "MLPRojectApp", "MLPRojectApp\MLPRojectApp.csproj", "{AD4A8D64-D6F9-469F-944F-FD5CBB630201}"
EndProject
Global
	GlobalSection(SolutionConfigurationPlatforms) = preSolution
		Debug|Any CPU = Debug|Any CPU
		Release|Any CPU = Release|Any CPU
	EndGlobalSection
	GlobalSection(ProjectConfigurationPlatforms) = postSolution
		{811B6F9E-FCE0-4298-BCDD-2F10256480DA}.Debug|Any CPU.ActiveCfg = Debug|Any CPU
		{811B6F9E-FCE0-4298-BCDD-2F10256480DA}.Debug|Any CPU.Build.0 = Debug|Any CPU
		{811B6F9E-FCE0-4298-BCDD-2F10256480DA}.Release|Any CPU.ActiveCfg = Release|Any CPU
		{811B6F9E-FCE0-4298-BCDD-2F10256480DA}.Release|Any CPU.Build.0 = Release|Any CPU
		{73902D94-5C51-4EEA-96B5-2230D2D99B1E}.Debug|Any CPU.ActiveCfg = Debug|Any CPU
		{73902D94-5C51-4EEA-96B5-2230D2D99B1E}.Debug|Any CPU.Build.0 = Debug|Any CPU
		{73902D94-5C51-4EEA-96B5-2230D2D99B1E}.Release|Any CPU.ActiveCfg = Release|Any CPU
		{73902D94-5C51-4EEA-96B5-2230D2D99B1E}.Release|Any CPU.Build.0 = Release|Any CPU
		{AD4A8D64-D6F9-469F-944F-FD5CBB630201}.Debug|Any CPU.ActiveCfg = Debug|Any CPU
		{AD4A8D64-D6F9-469F-944F-FD5CBB630201}.Debug|Any CPU.Build.0 = Debug|Any CPU
		{AD4A8D64-D6F9-469F-944F-FD5CBB630201}.Release|Any CPU.ActiveCfg = Release|Any CPU
		{AD4A8D64-D6F9-469F-944F-FD5CBB630201}.Release|Any CPU.Build.0 = Release|Any CPU
	EndGlobalSection
	GlobalSection(SolutionProperties) = preSolution
		HideSolutionNode = FALSE
	EndGlobalSection
	GlobalSection(ExtensibilityGlobals) = postSolution
		SolutionGuid = {80530B93-F7A1-4D60-BFC0-39D78D83AA6C}
	EndGlobalSection
EndGlobal
