
Microsoft Visual Studio Solution File, Format Version 12.00
# Visual Studio Version 17
VisualStudioVersion = 17.7.34202.233
MinimumVisualStudioVersion = 10.0.40219.1
Project("{9A19103F-16F7-4668-BE54-9A1E7A4F7556}") = "MLProject", "MLProject\MLProject.csproj", "{9FF5F954-D84B-43C0-8DED-ACAD6A74632B}"
EndProject
Project("{9A19103F-16F7-4668-BE54-9A1E7A4F7556}") = "MLModel1_ConsoleApp1", "MLModel1_ConsoleApp1\MLModel1_ConsoleApp1.csproj", "{00E6D3DA-8F0B-4DED-99B4-EF5346431D79}"
EndProject
Global
	GlobalSection(SolutionConfigurationPlatforms) = preSolution
		Debug|Any CPU = Debug|Any CPU
		Release|Any CPU = Release|Any CPU
	EndGlobalSection
	GlobalSection(ProjectConfigurationPlatforms) = postSolution
		{9FF5F954-D84B-43C0-8DED-ACAD6A74632B}.Debug|Any CPU.ActiveCfg = Debug|Any CPU
		{9FF5F954-D84B-43C0-8DED-ACAD6A74632B}.Debug|Any CPU.Build.0 = Debug|Any CPU
		{9FF5F954-D84B-43C0-8DED-ACAD6A74632B}.Release|Any CPU.ActiveCfg = Release|Any CPU
		{9FF5F954-D84B-43C0-8DED-ACAD6A74632B}.Release|Any CPU.Build.0 = Release|Any CPU
		{00E6D3DA-8F0B-4DED-99B4-EF5346431D79}.Debug|Any CPU.ActiveCfg = Debug|Any CPU
		{00E6D3DA-8F0B-4DED-99B4-EF5346431D79}.Debug|Any CPU.Build.0 = Debug|Any CPU
		{00E6D3DA-8F0B-4DED-99B4-EF5346431D79}.Release|Any CPU.ActiveCfg = Release|Any CPU
		{00E6D3DA-8F0B-4DED-99B4-EF5346431D79}.Release|Any CPU.Build.0 = Release|Any CPU
	EndGlobalSection
	GlobalSection(SolutionProperties) = preSolution
		HideSolutionNode = FALSE
	EndGlobalSection
	GlobalSection(ExtensibilityGlobals) = postSolution
		SolutionGuid = {80530B93-F7A1-4D60-BFC0-39D78D83AA6C}
	EndGlobalSection
EndGlobal
